
Microsoft Visual Studio Solution File, Format Version 12.00
# Visual Studio Version 17
VisualStudioVersion = 17.3.32922.545
MinimumVisualStudioVersion = 10.0.40219.1
Project("{FAE04EC0-301F-11D3-BF4B-00C04F79EFBC}") = "Day02WPFHelloWorld", "Day02WPFHelloWorld.csproj", "{0CF89F26-0DDA-4653-AAD5-3A5A9C6C83CF}"
EndProject
Global
	GlobalSection(SolutionConfigurationPlatforms) = preSolution
		Debug|Any CPU = Debug|Any CPU
		Release|Any CPU = Release|Any CPU
	EndGlobalSection
	GlobalSection(ProjectConfigurationPlatforms) = postSolution
		{0CF89F26-0DDA-4653-AAD5-3A5A9C6C83CF}.Debug|Any CPU.ActiveCfg = Debug|Any CPU
		{0CF89F26-0DDA-4653-AAD5-3A5A9C6C83CF}.Debug|Any CPU.Build.0 = Debug|Any CPU
		{0CF89F26-0DDA-4653-AAD5-3A5A9C6C83CF}.Release|Any CPU.ActiveCfg = Release|Any CPU
		{0CF89F26-0DDA-4653-AAD5-3A5A9C6C83CF}.Release|Any CPU.Build.0 = Release|Any CPU
	EndGlobalSection
	GlobalSection(SolutionProperties) = preSolution
		HideSolutionNode = FALSE
	EndGlobalSection
	GlobalSection(ExtensibilityGlobals) = postSolution
		SolutionGuid = {5EBD6563-37F7-42BF-B027-480A2327344D}
	EndGlobalSection
EndGlobal
