
Microsoft Visual Studio Solution File, Format Version 12.00
# Visual Studio Version 17
VisualStudioVersion = 17.3.32922.545
MinimumVisualStudioVersion = 10.0.40219.1
Project("{FAE04EC0-301F-11D3-BF4B-00C04F79EFBC}") = "Day01TextFile", "Day01TextFile.csproj", "{16CEA550-3F28-4F5A-B0D0-7B887A6C35A2}"
EndProject
Global
	GlobalSection(SolutionConfigurationPlatforms) = preSolution
		Debug|Any CPU = Debug|Any CPU
		Release|Any CPU = Release|Any CPU
	EndGlobalSection
	GlobalSection(ProjectConfigurationPlatforms) = postSolution
		{16CEA550-3F28-4F5A-B0D0-7B887A6C35A2}.Debug|Any CPU.ActiveCfg = Debug|Any CPU
		{16CEA550-3F28-4F5A-B0D0-7B887A6C35A2}.Debug|Any CPU.Build.0 = Debug|Any CPU
		{16CEA550-3F28-4F5A-B0D0-7B887A6C35A2}.Release|Any CPU.ActiveCfg = Release|Any CPU
		{16CEA550-3F28-4F5A-B0D0-7B887A6C35A2}.Release|Any CPU.Build.0 = Release|Any CPU
	EndGlobalSection
	GlobalSection(SolutionProperties) = preSolution
		HideSolutionNode = FALSE
	EndGlobalSection
	GlobalSection(ExtensibilityGlobals) = postSolution
		SolutionGuid = {A00F80BB-752C-4848-B088-527AE6829D3C}
	EndGlobalSection
EndGlobal
